
Microsoft Visual Studio Solution File, Format Version 12.00
# Visual Studio Version 16
VisualStudioVersion = 16.0.29021.104
MinimumVisualStudioVersion = 10.0.40219.1
Project("{9A19103F-16F7-4668-BE54-9A1E7A4F7556}") = "Task_School.API", "Task_School\Task_School.API.csproj", "{672B3E65-16B4-4F24-8CF1-D46777F9E23D}"
	ProjectSection(ProjectDependencies) = postProject
		{B6FA7FF2-3F68-4EFC-AEC7-C47CE1CB4A22} = {B6FA7FF2-3F68-4EFC-AEC7-C47CE1CB4A22}
	EndProjectSection
EndProject
Project("{9A19103F-16F7-4668-BE54-9A1E7A4F7556}") = "School.Data", "School.Data\School.Data.csproj", "{B6FA7FF2-3F68-4EFC-AEC7-C47CE1CB4A22}"
EndProject
Project("{9A19103F-16F7-4668-BE54-9A1E7A4F7556}") = "School.Domain", "School.Domain\School.Domain.csproj", "{C00B804A-2766-483C-AE71-651CCB7FB768}"
EndProject
Project("{9A19103F-16F7-4668-BE54-9A1E7A4F7556}") = "School.Service", "School.Service\School.Service.csproj", "{A8184CED-6F50-4D66-A83F-259807552C3B}"
EndProject
Global
	GlobalSection(SolutionConfigurationPlatforms) = preSolution
		Debug|Any CPU = Debug|Any CPU
		Release|Any CPU = Release|Any CPU
	EndGlobalSection
	GlobalSection(ProjectConfigurationPlatforms) = postSolution
		{672B3E65-16B4-4F24-8CF1-D46777F9E23D}.Debug|Any CPU.ActiveCfg = Debug|Any CPU
		{672B3E65-16B4-4F24-8CF1-D46777F9E23D}.Debug|Any CPU.Build.0 = Debug|Any CPU
		{672B3E65-16B4-4F24-8CF1-D46777F9E23D}.Release|Any CPU.ActiveCfg = Release|Any CPU
		{672B3E65-16B4-4F24-8CF1-D46777F9E23D}.Release|Any CPU.Build.0 = Release|Any CPU
		{B6FA7FF2-3F68-4EFC-AEC7-C47CE1CB4A22}.Debug|Any CPU.ActiveCfg = Debug|Any CPU
		{B6FA7FF2-3F68-4EFC-AEC7-C47CE1CB4A22}.Debug|Any CPU.Build.0 = Debug|Any CPU
		{B6FA7FF2-3F68-4EFC-AEC7-C47CE1CB4A22}.Release|Any CPU.ActiveCfg = Release|Any CPU
		{B6FA7FF2-3F68-4EFC-AEC7-C47CE1CB4A22}.Release|Any CPU.Build.0 = Release|Any CPU
		{C00B804A-2766-483C-AE71-651CCB7FB768}.Debug|Any CPU.ActiveCfg = Debug|Any CPU
		{C00B804A-2766-483C-AE71-651CCB7FB768}.Debug|Any CPU.Build.0 = Debug|Any CPU
		{C00B804A-2766-483C-AE71-651CCB7FB768}.Release|Any CPU.ActiveCfg = Release|Any CPU
		{C00B804A-2766-483C-AE71-651CCB7FB768}.Release|Any CPU.Build.0 = Release|Any CPU
		{A8184CED-6F50-4D66-A83F-259807552C3B}.Debug|Any CPU.ActiveCfg = Debug|Any CPU
		{A8184CED-6F50-4D66-A83F-259807552C3B}.Debug|Any CPU.Build.0 = Debug|Any CPU
		{A8184CED-6F50-4D66-A83F-259807552C3B}.Release|Any CPU.ActiveCfg = Release|Any CPU
		{A8184CED-6F50-4D66-A83F-259807552C3B}.Release|Any CPU.Build.0 = Release|Any CPU
	EndGlobalSection
	GlobalSection(SolutionProperties) = preSolution
		HideSolutionNode = FALSE
	EndGlobalSection
	GlobalSection(ExtensibilityGlobals) = postSolution
		SolutionGuid = {21E490FE-7867-4D74-9597-19C0F1828378}
	EndGlobalSection
EndGlobal
